
Microsoft Visual Studio Solution File, Format Version 11.00
# Visual Studio 2010
Project("{FAE04EC0-301F-11D3-BF4B-00C04F79EFBC}") = "test cardboard", "Assembly-CSharp.csproj", "{E31EEBE7-28B2-A53F-8256-CDFA24506773}"
EndProject
Project("{FAE04EC0-301F-11D3-BF4B-00C04F79EFBC}") = "test cardboard", "Assembly-CSharp-Editor.csproj", "{ABB0F838-14AB-549F-ADC2-0B328F51D456}"
EndProject
Global
	GlobalSection(SolutionConfigurationPlatforms) = preSolution
		Debug|Any CPU = Debug|Any CPU
		Release|Any CPU = Release|Any CPU
	EndGlobalSection
	GlobalSection(ProjectConfigurationPlatforms) = postSolution
		{E31EEBE7-28B2-A53F-8256-CDFA24506773}.Debug|Any CPU.ActiveCfg = Debug|Any CPU
		{E31EEBE7-28B2-A53F-8256-CDFA24506773}.Debug|Any CPU.Build.0 = Debug|Any CPU
		{E31EEBE7-28B2-A53F-8256-CDFA24506773}.Release|Any CPU.ActiveCfg = Release|Any CPU
		{E31EEBE7-28B2-A53F-8256-CDFA24506773}.Release|Any CPU.Build.0 = Release|Any CPU
		{ABB0F838-14AB-549F-ADC2-0B328F51D456}.Debug|Any CPU.ActiveCfg = Debug|Any CPU
		{ABB0F838-14AB-549F-ADC2-0B328F51D456}.Debug|Any CPU.Build.0 = Debug|Any CPU
		{ABB0F838-14AB-549F-ADC2-0B328F51D456}.Release|Any CPU.ActiveCfg = Release|Any CPU
		{ABB0F838-14AB-549F-ADC2-0B328F51D456}.Release|Any CPU.Build.0 = Release|Any CPU
	EndGlobalSection
	GlobalSection(SolutionProperties) = preSolution
		HideSolutionNode = FALSE
	EndGlobalSection
	GlobalSection(MonoDevelopProperties) = preSolution
		StartupItem = Assembly-CSharp.csproj
	EndGlobalSection
EndGlobal
